
Microsoft Visual Studio Solution File, Format Version 12.00
# Visual Studio Version 16
VisualStudioVersion = 16.0.30503.244
MinimumVisualStudioVersion = 10.0.40219.1
Project("{E53339B2-1760-4266-BCC7-CA923CBCF16C}") = "docker-compose", "Docker\docker-compose.dcproj", "{D25B475B-CB9C-4E5C-9A7A-7913FFC17DC3}"
EndProject
Project("{2150E333-8FDC-42A3-9474-1A3956D46DE8}") = "Solution Items", "Solution Items", "{ABA37348-48F8-42E3-A610-15B241AAC0D6}"
	ProjectSection(SolutionItems) = preProject
		..\.gitattributes = ..\.gitattributes
		..\.gitignore = ..\.gitignore
		..\LICENSE = ..\LICENSE
		..\Readme.md = ..\Readme.md
		redis\redis.conf = redis\redis.conf
	EndProjectSection
EndProject
Project("{9A19103F-16F7-4668-BE54-9A1E7A4F7556}") = "Common.DataModels", "Common.DataModels\Common.DataModels.csproj", "{32A19F29-979D-4807-9417-8D3E488E903C}"
EndProject
Project("{2150E333-8FDC-42A3-9474-1A3956D46DE8}") = "Infrastructure", "Infrastructure", "{FA7E3BA8-E076-4ED6-8621-49E7A52E4103}"
EndProject
Project("{2150E333-8FDC-42A3-9474-1A3956D46DE8}") = "Code", "Code", "{DDDE215C-C0C5-4BE2-8602-1B4DC3696140}"
EndProject
Project("{9A19103F-16F7-4668-BE54-9A1E7A4F7556}") = "Common.Abstractions", "Common.Abstractions\Common.Abstractions.csproj", "{E5A723E9-FEE6-4B16-9A0C-9DAE0773A249}"
EndProject
Project("{9A19103F-16F7-4668-BE54-9A1E7A4F7556}") = "Common.Infrastructure", "Common.Infrastructure\Common.Infrastructure.csproj", "{0E74410B-B1F7-42FC-8CED-ABCA6F626450}"
EndProject
Project("{9A19103F-16F7-4668-BE54-9A1E7A4F7556}") = "Services.AdminAPI", "Services.AdminAPI\Services.AdminAPI.csproj", "{2F75B6D8-AFC3-4B74-ADAB-1851BD750A2A}"
EndProject
Project("{9A19103F-16F7-4668-BE54-9A1E7A4F7556}") = "Services.ProvisioningAPI", "Services.ProvisioningAPI\Services.ProvisioningAPI.csproj", "{E19806BE-D57E-4092-ADF5-B76ED2869E55}"
EndProject
Project("{9A19103F-16F7-4668-BE54-9A1E7A4F7556}") = "Services.ClientAPI", "Services.ClientAPI\Services.ClientAPI.csproj", "{EC4EE0BA-6255-4510-B933-59BB50296B5C}"
EndProject
Project("{9A19103F-16F7-4668-BE54-9A1E7A4F7556}") = "Tiveria.Common", "..\libs\Tiveria.Common\src\Tiveria.Common\Tiveria.Common.csproj", "{D39434E1-4DFC-4422-888F-A9F330356C89}"
EndProject
Project("{2150E333-8FDC-42A3-9474-1A3956D46DE8}") = "External Libs", "External Libs", "{AA5FC221-D88E-42C9-98D9-1FA7D063CDF4}"
EndProject
Project("{9A19103F-16F7-4668-BE54-9A1E7A4F7556}") = "Tiveria.Common.MSExtensions.DependencyInjection", "..\libs\Tiveria.Common.MSExtensions.DependencyInjection\src\Tiveria.Common.MSExtensions.DependencyInjection.csproj", "{EB2B95B5-35F0-40B5-972E-AF8A2EFE6771}"
EndProject
Project("{9A19103F-16F7-4668-BE54-9A1E7A4F7556}") = "Tiveria.Common.MSExtensions.Hosting", "..\libs\Tiveria.Common.MSExtensions.Hosting\src\Tiveria.Common.MSExtensions.Hosting.csproj", "{C99CDCEE-BA3D-451F-8431-F4204895F802}"
EndProject
Project("{9A19103F-16F7-4668-BE54-9A1E7A4F7556}") = "Domain.Abstractions", "Domain.Abstractions\Domain.Abstractions.csproj", "{7709A230-2287-408F-863C-8AF5AA771FA4}"
EndProject
Project("{9A19103F-16F7-4668-BE54-9A1E7A4F7556}") = "Domain.Implementations", "Domain.Implementations\Domain.Implementations.csproj", "{A32BCD8D-2D1B-43E6-A190-AA4F676BAA73}"
EndProject
Project("{9A19103F-16F7-4668-BE54-9A1E7A4F7556}") = "Domain.Infrastructure", "Domain.Infrastructure\Domain.Infrastructure.csproj", "{0463E140-2029-408E-931B-B4FFAA23FCC6}"
EndProject
Project("{FAE04EC0-301F-11D3-BF4B-00C04F79EFBC}") = "Services.Infrastructure", "Services.Infrastructure\Services.Infrastructure.csproj", "{87032F2D-C866-40A9-9FC3-7DD6D08B8F2A}"
EndProject
Global
	GlobalSection(SolutionConfigurationPlatforms) = preSolution
		Debug|Any CPU = Debug|Any CPU
		Release Linux|Any CPU = Release Linux|Any CPU
		Release|Any CPU = Release|Any CPU
	EndGlobalSection
	GlobalSection(ProjectConfigurationPlatforms) = postSolution
		{D25B475B-CB9C-4E5C-9A7A-7913FFC17DC3}.Debug|Any CPU.ActiveCfg = Debug|Any CPU
		{D25B475B-CB9C-4E5C-9A7A-7913FFC17DC3}.Debug|Any CPU.Build.0 = Debug|Any CPU
		{D25B475B-CB9C-4E5C-9A7A-7913FFC17DC3}.Release Linux|Any CPU.ActiveCfg = Release|Any CPU
		{D25B475B-CB9C-4E5C-9A7A-7913FFC17DC3}.Release Linux|Any CPU.Build.0 = Release|Any CPU
		{D25B475B-CB9C-4E5C-9A7A-7913FFC17DC3}.Release|Any CPU.ActiveCfg = Release|Any CPU
		{D25B475B-CB9C-4E5C-9A7A-7913FFC17DC3}.Release|Any CPU.Build.0 = Release|Any CPU
		{32A19F29-979D-4807-9417-8D3E488E903C}.Debug|Any CPU.ActiveCfg = Debug|Any CPU
		{32A19F29-979D-4807-9417-8D3E488E903C}.Debug|Any CPU.Build.0 = Debug|Any CPU
		{32A19F29-979D-4807-9417-8D3E488E903C}.Release Linux|Any CPU.ActiveCfg = Release|Any CPU
		{32A19F29-979D-4807-9417-8D3E488E903C}.Release Linux|Any CPU.Build.0 = Release|Any CPU
		{32A19F29-979D-4807-9417-8D3E488E903C}.Release|Any CPU.ActiveCfg = Release|Any CPU
		{32A19F29-979D-4807-9417-8D3E488E903C}.Release|Any CPU.Build.0 = Release|Any CPU
		{E5A723E9-FEE6-4B16-9A0C-9DAE0773A249}.Debug|Any CPU.ActiveCfg = Debug|Any CPU
		{E5A723E9-FEE6-4B16-9A0C-9DAE0773A249}.Debug|Any CPU.Build.0 = Debug|Any CPU
		{E5A723E9-FEE6-4B16-9A0C-9DAE0773A249}.Release Linux|Any CPU.ActiveCfg = Release|Any CPU
		{E5A723E9-FEE6-4B16-9A0C-9DAE0773A249}.Release Linux|Any CPU.Build.0 = Release|Any CPU
		{E5A723E9-FEE6-4B16-9A0C-9DAE0773A249}.Release|Any CPU.ActiveCfg = Release|Any CPU
		{E5A723E9-FEE6-4B16-9A0C-9DAE0773A249}.Release|Any CPU.Build.0 = Release|Any CPU
		{0E74410B-B1F7-42FC-8CED-ABCA6F626450}.Debug|Any CPU.ActiveCfg = Debug|Any CPU
		{0E74410B-B1F7-42FC-8CED-ABCA6F626450}.Debug|Any CPU.Build.0 = Debug|Any CPU
		{0E74410B-B1F7-42FC-8CED-ABCA6F626450}.Release Linux|Any CPU.ActiveCfg = Release|Any CPU
		{0E74410B-B1F7-42FC-8CED-ABCA6F626450}.Release Linux|Any CPU.Build.0 = Release|Any CPU
		{0E74410B-B1F7-42FC-8CED-ABCA6F626450}.Release|Any CPU.ActiveCfg = Release|Any CPU
		{0E74410B-B1F7-42FC-8CED-ABCA6F626450}.Release|Any CPU.Build.0 = Release|Any CPU
		{2F75B6D8-AFC3-4B74-ADAB-1851BD750A2A}.Debug|Any CPU.ActiveCfg = Debug|Any CPU
		{2F75B6D8-AFC3-4B74-ADAB-1851BD750A2A}.Debug|Any CPU.Build.0 = Debug|Any CPU
		{2F75B6D8-AFC3-4B74-ADAB-1851BD750A2A}.Release Linux|Any CPU.ActiveCfg = Release|Any CPU
		{2F75B6D8-AFC3-4B74-ADAB-1851BD750A2A}.Release Linux|Any CPU.Build.0 = Release|Any CPU
		{2F75B6D8-AFC3-4B74-ADAB-1851BD750A2A}.Release|Any CPU.ActiveCfg = Release|Any CPU
		{2F75B6D8-AFC3-4B74-ADAB-1851BD750A2A}.Release|Any CPU.Build.0 = Release|Any CPU
		{E19806BE-D57E-4092-ADF5-B76ED2869E55}.Debug|Any CPU.ActiveCfg = Debug|Any CPU
		{E19806BE-D57E-4092-ADF5-B76ED2869E55}.Debug|Any CPU.Build.0 = Debug|Any CPU
		{E19806BE-D57E-4092-ADF5-B76ED2869E55}.Release Linux|Any CPU.ActiveCfg = Release|Any CPU
		{E19806BE-D57E-4092-ADF5-B76ED2869E55}.Release Linux|Any CPU.Build.0 = Release|Any CPU
		{E19806BE-D57E-4092-ADF5-B76ED2869E55}.Release|Any CPU.ActiveCfg = Release|Any CPU
		{E19806BE-D57E-4092-ADF5-B76ED2869E55}.Release|Any CPU.Build.0 = Release|Any CPU
		{EC4EE0BA-6255-4510-B933-59BB50296B5C}.Debug|Any CPU.ActiveCfg = Debug|Any CPU
		{EC4EE0BA-6255-4510-B933-59BB50296B5C}.Debug|Any CPU.Build.0 = Debug|Any CPU
		{EC4EE0BA-6255-4510-B933-59BB50296B5C}.Release Linux|Any CPU.ActiveCfg = Release|Any CPU
		{EC4EE0BA-6255-4510-B933-59BB50296B5C}.Release Linux|Any CPU.Build.0 = Release|Any CPU
		{EC4EE0BA-6255-4510-B933-59BB50296B5C}.Release|Any CPU.ActiveCfg = Release|Any CPU
		{EC4EE0BA-6255-4510-B933-59BB50296B5C}.Release|Any CPU.Build.0 = Release|Any CPU
		{D39434E1-4DFC-4422-888F-A9F330356C89}.Debug|Any CPU.ActiveCfg = Debug|Any CPU
		{D39434E1-4DFC-4422-888F-A9F330356C89}.Debug|Any CPU.Build.0 = Debug|Any CPU
		{D39434E1-4DFC-4422-888F-A9F330356C89}.Release Linux|Any CPU.ActiveCfg = Release Linux|Any CPU
		{D39434E1-4DFC-4422-888F-A9F330356C89}.Release Linux|Any CPU.Build.0 = Release Linux|Any CPU
		{D39434E1-4DFC-4422-888F-A9F330356C89}.Release|Any CPU.ActiveCfg = Release|Any CPU
		{D39434E1-4DFC-4422-888F-A9F330356C89}.Release|Any CPU.Build.0 = Release|Any CPU
		{EB2B95B5-35F0-40B5-972E-AF8A2EFE6771}.Debug|Any CPU.ActiveCfg = Debug|Any CPU
		{EB2B95B5-35F0-40B5-972E-AF8A2EFE6771}.Debug|Any CPU.Build.0 = Debug|Any CPU
		{EB2B95B5-35F0-40B5-972E-AF8A2EFE6771}.Release Linux|Any CPU.ActiveCfg = Release|Any CPU
		{EB2B95B5-35F0-40B5-972E-AF8A2EFE6771}.Release Linux|Any CPU.Build.0 = Release|Any CPU
		{EB2B95B5-35F0-40B5-972E-AF8A2EFE6771}.Release|Any CPU.ActiveCfg = Release|Any CPU
		{EB2B95B5-35F0-40B5-972E-AF8A2EFE6771}.Release|Any CPU.Build.0 = Release|Any CPU
		{C99CDCEE-BA3D-451F-8431-F4204895F802}.Debug|Any CPU.ActiveCfg = Debug|Any CPU
		{C99CDCEE-BA3D-451F-8431-F4204895F802}.Debug|Any CPU.Build.0 = Debug|Any CPU
		{C99CDCEE-BA3D-451F-8431-F4204895F802}.Release Linux|Any CPU.ActiveCfg = Release|Any CPU
		{C99CDCEE-BA3D-451F-8431-F4204895F802}.Release Linux|Any CPU.Build.0 = Release|Any CPU
		{C99CDCEE-BA3D-451F-8431-F4204895F802}.Release|Any CPU.ActiveCfg = Release|Any CPU
		{C99CDCEE-BA3D-451F-8431-F4204895F802}.Release|Any CPU.Build.0 = Release|Any CPU
		{7709A230-2287-408F-863C-8AF5AA771FA4}.Debug|Any CPU.ActiveCfg = Debug|Any CPU
		{7709A230-2287-408F-863C-8AF5AA771FA4}.Debug|Any CPU.Build.0 = Debug|Any CPU
		{7709A230-2287-408F-863C-8AF5AA771FA4}.Release Linux|Any CPU.ActiveCfg = Release|Any CPU
		{7709A230-2287-408F-863C-8AF5AA771FA4}.Release Linux|Any CPU.Build.0 = Release|Any CPU
		{7709A230-2287-408F-863C-8AF5AA771FA4}.Release|Any CPU.ActiveCfg = Release|Any CPU
		{7709A230-2287-408F-863C-8AF5AA771FA4}.Release|Any CPU.Build.0 = Release|Any CPU
		{A32BCD8D-2D1B-43E6-A190-AA4F676BAA73}.Debug|Any CPU.ActiveCfg = Debug|Any CPU
		{A32BCD8D-2D1B-43E6-A190-AA4F676BAA73}.Debug|Any CPU.Build.0 = Debug|Any CPU
		{A32BCD8D-2D1B-43E6-A190-AA4F676BAA73}.Release Linux|Any CPU.ActiveCfg = Release|Any CPU
		{A32BCD8D-2D1B-43E6-A190-AA4F676BAA73}.Release Linux|Any CPU.Build.0 = Release|Any CPU
		{A32BCD8D-2D1B-43E6-A190-AA4F676BAA73}.Release|Any CPU.ActiveCfg = Release|Any CPU
		{A32BCD8D-2D1B-43E6-A190-AA4F676BAA73}.Release|Any CPU.Build.0 = Release|Any CPU
		{0463E140-2029-408E-931B-B4FFAA23FCC6}.Debug|Any CPU.ActiveCfg = Debug|Any CPU
		{0463E140-2029-408E-931B-B4FFAA23FCC6}.Debug|Any CPU.Build.0 = Debug|Any CPU
		{0463E140-2029-408E-931B-B4FFAA23FCC6}.Release Linux|Any CPU.ActiveCfg = Release|Any CPU
		{0463E140-2029-408E-931B-B4FFAA23FCC6}.Release Linux|Any CPU.Build.0 = Release|Any CPU
		{0463E140-2029-408E-931B-B4FFAA23FCC6}.Release|Any CPU.ActiveCfg = Release|Any CPU
		{0463E140-2029-408E-931B-B4FFAA23FCC6}.Release|Any CPU.Build.0 = Release|Any CPU
		{87032F2D-C866-40A9-9FC3-7DD6D08B8F2A}.Debug|Any CPU.ActiveCfg = Debug|Any CPU
		{87032F2D-C866-40A9-9FC3-7DD6D08B8F2A}.Debug|Any CPU.Build.0 = Debug|Any CPU
		{87032F2D-C866-40A9-9FC3-7DD6D08B8F2A}.Release Linux|Any CPU.ActiveCfg = Release|Any CPU
		{87032F2D-C866-40A9-9FC3-7DD6D08B8F2A}.Release Linux|Any CPU.Build.0 = Release|Any CPU
		{87032F2D-C866-40A9-9FC3-7DD6D08B8F2A}.Release|Any CPU.ActiveCfg = Release|Any CPU
		{87032F2D-C866-40A9-9FC3-7DD6D08B8F2A}.Release|Any CPU.Build.0 = Release|Any CPU
	EndGlobalSection
	GlobalSection(SolutionProperties) = preSolution
		HideSolutionNode = FALSE
	EndGlobalSection
	GlobalSection(NestedProjects) = preSolution
		{D25B475B-CB9C-4E5C-9A7A-7913FFC17DC3} = {FA7E3BA8-E076-4ED6-8621-49E7A52E4103}
		{32A19F29-979D-4807-9417-8D3E488E903C} = {DDDE215C-C0C5-4BE2-8602-1B4DC3696140}
		{E5A723E9-FEE6-4B16-9A0C-9DAE0773A249} = {DDDE215C-C0C5-4BE2-8602-1B4DC3696140}
		{0E74410B-B1F7-42FC-8CED-ABCA6F626450} = {DDDE215C-C0C5-4BE2-8602-1B4DC3696140}
		{2F75B6D8-AFC3-4B74-ADAB-1851BD750A2A} = {DDDE215C-C0C5-4BE2-8602-1B4DC3696140}
		{E19806BE-D57E-4092-ADF5-B76ED2869E55} = {DDDE215C-C0C5-4BE2-8602-1B4DC3696140}
		{EC4EE0BA-6255-4510-B933-59BB50296B5C} = {DDDE215C-C0C5-4BE2-8602-1B4DC3696140}
		{D39434E1-4DFC-4422-888F-A9F330356C89} = {AA5FC221-D88E-42C9-98D9-1FA7D063CDF4}
		{EB2B95B5-35F0-40B5-972E-AF8A2EFE6771} = {AA5FC221-D88E-42C9-98D9-1FA7D063CDF4}
		{C99CDCEE-BA3D-451F-8431-F4204895F802} = {AA5FC221-D88E-42C9-98D9-1FA7D063CDF4}
		{7709A230-2287-408F-863C-8AF5AA771FA4} = {DDDE215C-C0C5-4BE2-8602-1B4DC3696140}
		{A32BCD8D-2D1B-43E6-A190-AA4F676BAA73} = {DDDE215C-C0C5-4BE2-8602-1B4DC3696140}
		{0463E140-2029-408E-931B-B4FFAA23FCC6} = {DDDE215C-C0C5-4BE2-8602-1B4DC3696140}
		{87032F2D-C866-40A9-9FC3-7DD6D08B8F2A} = {DDDE215C-C0C5-4BE2-8602-1B4DC3696140}
	EndGlobalSection
	GlobalSection(ExtensibilityGlobals) = postSolution
		SolutionGuid = {B20AE95B-EF60-4772-9FBE-89F160EF2361}
	EndGlobalSection
EndGlobal
